
Microsoft Visual Studio Solution File, Format Version 12.00
# Visual Studio Version 16
VisualStudioVersion = 16.0.30320.27
MinimumVisualStudioVersion = 10.0.40219.1
Project("{FAE04EC0-301F-11D3-BF4B-00C04F79EFBC}") = "4-27EFImages", "4-27EFImages\4-27EFImages.csproj", "{D5D84E14-CDC8-47DE-AF5A-04E4A25F4192}"
EndProject
Project("{FAE04EC0-301F-11D3-BF4B-00C04F79EFBC}") = "4-27EFImages.data", "4-27EFImages.data\4-27EFImages.data.csproj", "{11BA2A86-363F-4952-90F2-BCDE22FBF2F2}"
EndProject
Global
	GlobalSection(SolutionConfigurationPlatforms) = preSolution
		Debug|Any CPU = Debug|Any CPU
		Release|Any CPU = Release|Any CPU
	EndGlobalSection
	GlobalSection(ProjectConfigurationPlatforms) = postSolution
		{D5D84E14-CDC8-47DE-AF5A-04E4A25F4192}.Debug|Any CPU.ActiveCfg = Debug|Any CPU
		{D5D84E14-CDC8-47DE-AF5A-04E4A25F4192}.Debug|Any CPU.Build.0 = Debug|Any CPU
		{D5D84E14-CDC8-47DE-AF5A-04E4A25F4192}.Release|Any CPU.ActiveCfg = Release|Any CPU
		{D5D84E14-CDC8-47DE-AF5A-04E4A25F4192}.Release|Any CPU.Build.0 = Release|Any CPU
		{11BA2A86-363F-4952-90F2-BCDE22FBF2F2}.Debug|Any CPU.ActiveCfg = Debug|Any CPU
		{11BA2A86-363F-4952-90F2-BCDE22FBF2F2}.Debug|Any CPU.Build.0 = Debug|Any CPU
		{11BA2A86-363F-4952-90F2-BCDE22FBF2F2}.Release|Any CPU.ActiveCfg = Release|Any CPU
		{11BA2A86-363F-4952-90F2-BCDE22FBF2F2}.Release|Any CPU.Build.0 = Release|Any CPU
	EndGlobalSection
	GlobalSection(SolutionProperties) = preSolution
		HideSolutionNode = FALSE
	EndGlobalSection
	GlobalSection(ExtensibilityGlobals) = postSolution
		SolutionGuid = {C3A81316-7A53-4C16-9BDD-3777DC8179C9}
	EndGlobalSection
EndGlobal
